{
  "name": "frontend",
  "version": "1.0.0",
  "lockfileVersion": 3,
  "requires": true,
  "packages": {
    "": {
      "name": "frontend",
      "version": "1.0.0",
      "license": "ISC",
      "dependencies": {
        "weui": "^2.6.26"
      }
    },
    "node_modules/weui": {
      "version": "2.6.26",
      "resolved": "http://mirrors.tencentyun.com/npm/weui/-/weui-2.6.26.tgz",
      "integrity": "sha512-V2s4HVNNc7vOFxzll9b13dz9IvsCdW+Dxv51ahcS2aBnX6LBhwJySJHBC3YoRspwO/oyltkjGri9TTyJ1FcAZg==",
      "license": "MIT"
    }
  }
}
